# THIS IS AN AUTOGENERATED FILE. DO NOT EDIT THIS FILE DIRECTLY.
# yarn lockfile v1


"@types/prop-types@*":
  version "15.5.3"
  resolved "https://registry.yarnpkg.com/@types/prop-types/-/prop-types-15.5.3.tgz#bef071852dca2a2dbb65fecdb7bfb30cedae2de2"

"@types/react-virtualized@^9.18.3":
  version "9.18.3"
  resolved "https://registry.yarnpkg.com/@types/react-virtualized/-/react-virtualized-9.18.3.tgz#777b3c28bd2b972d0a402f2f9d11bacef550be1c"
  dependencies:
    "@types/prop-types" "*"
    "@types/react" "*"

"@types/react@*":
  version "16.3.16"
  resolved "https://registry.yarnpkg.com/@types/react/-/react-16.3.16.tgz#78fc44a90b45701f50c8a7008f733680ba51fc86"
  dependencies:
    csstype "^2.2.0"

csstype@^2.2.0:
  version "2.5.3"
  resolved "https://registry.yarnpkg.com/csstype/-/csstype-2.5.3.tgz#2504152e6e1cc59b32098b7f5d6a63f16294c1f7"
