# THIS IS AN AUTOGENERATED FILE. DO NOT EDIT THIS FILE DIRECTLY.
# yarn lockfile v1


"@braintree/sanitize-url@^2.0.2":
  version "2.0.2"
  resolved "https://registry.yarnpkg.com/@braintree/sanitize-url/-/sanitize-url-2.0.2.tgz#2b37caa50687ac47370520a502f5226ee31a5ab1"

"@kyleshockey/js-yaml@^1.0.1":
  version "1.0.1"
  resolved "https://registry.yarnpkg.com/@kyleshockey/js-yaml/-/js-yaml-1.0.1.tgz#5c036bb67caee77fa887738e695dc02949889bfd"
  integrity sha512-coFyIk1LvTscq1cUU4nCCfYwv+cmG4fCP+wgDKgYZjhM4f++YwZy+g0k+1tUqa4GuUpBTEOGH2KUqKFFWdT73g==
  dependencies:
    argparse "^1.0.7"

"@kyleshockey/object-assign-deep@^0.4.0", "@kyleshockey/object-assign-deep@^0.4.2":
  version "0.4.2"
  resolved "https://registry.yarnpkg.com/@kyleshockey/object-assign-deep/-/object-assign-deep-0.4.2.tgz#84900f0eefc372798f4751b5262830b8208922ec"
  integrity sha1-hJAPDu/DcnmPR1G1JigwuCCJIuw=

"@kyleshockey/xml@^1.0.2":
  version "1.0.2"
  resolved "https://registry.yarnpkg.com/@kyleshockey/xml/-/xml-1.0.2.tgz#81fad3d7c33da2ba2639db095db3db24c2921f70"
  integrity sha512-iMo32MPLcI9cPxs3YL5kmKxKgDmkSZDCFEqIT5eRk7d/Ll8r4X3SwGYSigzALd6+RHWlFEmjL1QyaQ15xDZFlw==
  dependencies:
    stream "^0.0.2"

argparse@^1.0.7:
  version "1.0.9"
  resolved "https://registry.yarnpkg.com/argparse/-/argparse-1.0.9.tgz#73d83bc263f86e97f8cc4f6bae1b0e90a7d22c86"
  dependencies:
    sprintf-js "~1.0.2"

argparse@~0.1.15:
  version "0.1.16"
  resolved "https://registry.yarnpkg.com/argparse/-/argparse-0.1.16.tgz#cfd01e0fbba3d6caed049fbd758d40f65196f57c"
  dependencies:
    underscore "~1.7.0"
    underscore.string "~2.4.0"

asap@~2.0.3:
  version "2.0.6"
  resolved "https://registry.yarnpkg.com/asap/-/asap-2.0.6.tgz#e50347611d7e690943208bbdafebcbc2fb866d46"

async@^2.0.1:
  version "2.6.0"
  resolved "https://registry.yarnpkg.com/async/-/async-2.6.0.tgz#61a29abb6fcc026fea77e56d1c6ec53a795951f4"
  dependencies:
    lodash "^4.14.0"

autolinker@~0.15.0:
  version "0.15.3"
  resolved "https://registry.yarnpkg.com/autolinker/-/autolinker-0.15.3.tgz#342417d8f2f3461b14cf09088d5edf8791dc9832"

babel-runtime@^6.26.0:
  version "6.26.0"
  resolved "https://registry.yarnpkg.com/babel-runtime/-/babel-runtime-6.26.0.tgz#965c7058668e82b55d7bfe04ff2337bc8b5647fe"
  integrity sha1-llxwWGaOgrVde/4E/yM3vItWR/4=
  dependencies:
    core-js "^2.4.0"
    regenerator-runtime "^0.11.0"

base64-js@^1.0.2:
  version "1.3.0"
  resolved "https://registry.yarnpkg.com/base64-js/-/base64-js-1.3.0.tgz#cab1e6118f051095e58b5281aea8c1cd22bfc0e3"
  integrity sha512-ccav/yGvoa80BQDljCxsmmQ3Xvx60/UpBIij5QN21W3wBi/hhIC9OoO+KLpu9IJTS9j4DRVJ3aDDF9cMSoa2lw==

base64-js@^1.2.0:
  version "1.2.1"
  resolved "https://registry.yarnpkg.com/base64-js/-/base64-js-1.2.1.tgz#a91947da1f4a516ea38e5b4ec0ec3773675e0886"

btoa@1.1.2:
  version "1.1.2"
  resolved "https://registry.yarnpkg.com/btoa/-/btoa-1.1.2.tgz#3e40b81663f81d2dd6596a4cb714a8dc16cfabe0"

buffer@^5.1.0:
  version "5.2.1"
  resolved "https://registry.yarnpkg.com/buffer/-/buffer-5.2.1.tgz#dd57fa0f109ac59c602479044dca7b8b3d0b71d6"
  integrity sha512-c+Ko0loDaFfuPWiL02ls9Xd3GO3cPVmUobQ6t3rXNUk304u6hGq+8N/kFi+QEIKhzK3uwolVhLzszmfLmMLnqg==
  dependencies:
    base64-js "^1.0.2"
    ieee754 "^1.1.4"

classnames@^2.2.5:
  version "2.2.5"
  resolved "https://registry.yarnpkg.com/classnames/-/classnames-2.2.5.tgz#fb3801d453467649ef3603c7d61a02bd129bde6d"

combined-stream@^1.0.5:
  version "1.0.5"
  resolved "https://registry.yarnpkg.com/combined-stream/-/combined-stream-1.0.5.tgz#938370a57b4a51dea2c77c15d5c5fdf895164009"
  dependencies:
    delayed-stream "~1.0.0"

cookie@^0.3.1:
  version "0.3.1"
  resolved "https://registry.yarnpkg.com/cookie/-/cookie-0.3.1.tgz#e7e0a1f9ef43b4c8ba925c5c5a96e806d16873bb"

core-js@^1.0.0:
  version "1.2.7"
  resolved "https://registry.yarnpkg.com/core-js/-/core-js-1.2.7.tgz#652294c14651db28fa93bd2d5ff2983a4f08c636"

core-js@^2.4.0, core-js@^2.5.1:
  version "2.5.3"
  resolved "https://registry.yarnpkg.com/core-js/-/core-js-2.5.3.tgz#8acc38345824f16d8365b7c9b4259168e8ed603e"

create-react-class@^15.5.1, create-react-class@^15.6.0:
  version "15.6.2"
  resolved "https://registry.yarnpkg.com/create-react-class/-/create-react-class-15.6.2.tgz#cf1ed15f12aad7f14ef5f2dfe05e6c42f91ef02a"
  dependencies:
    fbjs "^0.8.9"
    loose-envify "^1.3.1"
    object-assign "^4.1.1"

cross-fetch@0.0.8:
  version "0.0.8"
  resolved "https://registry.yarnpkg.com/cross-fetch/-/cross-fetch-0.0.8.tgz#01ed94dc407df2c00f1807fde700a7cfa48a205c"
  dependencies:
    node-fetch "1.7.3"
    whatwg-fetch "2.0.3"

css.escape@1.5.1:
  version "1.5.1"
  resolved "https://registry.yarnpkg.com/css.escape/-/css.escape-1.5.1.tgz#42e27d4fa04ae32f931a4b4d4191fa9cddee97cb"

d@1:
  version "1.0.0"
  resolved "https://registry.yarnpkg.com/d/-/d-1.0.0.tgz#754bb5bfe55451da69a58b94d45f4c5b0462d58f"
  dependencies:
    es5-ext "^0.10.9"

deep-equal@^1.0.1:
  version "1.0.1"
  resolved "https://registry.yarnpkg.com/deep-equal/-/deep-equal-1.0.1.tgz#f5d260292b660e084eff4cdbc9f08ad3247448b5"

deep-extend@0.5.1, deep-extend@^0.5.1:
  version "0.5.1"
  resolved "https://registry.yarnpkg.com/deep-extend/-/deep-extend-0.5.1.tgz#b894a9dd90d3023fbf1c55a394fb858eb2066f1f"
  integrity sha512-N8vBdOa+DF7zkRrDCsaOXoCs/E2fJfx9B9MrKnnSiHNh4ws7eSys6YQE4KvT1cecKmOASYQBhbKjeuDD9lT81w==

delayed-stream@~1.0.0:
  version "1.0.0"
  resolved "https://registry.yarnpkg.com/delayed-stream/-/delayed-stream-1.0.0.tgz#df3ae199acadfb7d440aaae0b29e2272b24ec619"

dompurify@^1.0.4:
  version "1.0.8"
  resolved "https://registry.yarnpkg.com/dompurify/-/dompurify-1.0.8.tgz#3fa0d91fde3827d6509d83b43444da56a2796795"
  integrity sha512-vetRFbN1SXSPfP3ClIiYnxTrXquSqakBEOoB5JESn0SVcSYzpu6ougjakpKnskGctYdlNpwf+riUHSkG7d4XUw==

emitter-component@^1.1.1:
  version "1.1.1"
  resolved "https://registry.yarnpkg.com/emitter-component/-/emitter-component-1.1.1.tgz#065e2dbed6959bf470679edabeaf7981d1003ab6"
  integrity sha1-Bl4tvtaVm/RwZ57avq95gdEAOrY=

encode-3986@^1.0.0:
  version "1.0.0"
  resolved "https://registry.yarnpkg.com/encode-3986/-/encode-3986-1.0.0.tgz#940d51498f8741ade184b75ad1439b317c0c7a60"

encoding@^0.1.11:
  version "0.1.12"
  resolved "https://registry.yarnpkg.com/encoding/-/encoding-0.1.12.tgz#538b66f3ee62cd1ab51ec323829d1f9480c74beb"
  dependencies:
    iconv-lite "~0.4.13"

es5-ext@^0.10.14, es5-ext@^0.10.35, es5-ext@^0.10.9, es5-ext@~0.10.14, es5-ext@~0.10.2:
  version "0.10.37"
  resolved "https://registry.yarnpkg.com/es5-ext/-/es5-ext-0.10.37.tgz#0ee741d148b80069ba27d020393756af257defc3"
  dependencies:
    es6-iterator "~2.0.1"
    es6-symbol "~3.1.1"

es5-ext@^0.10.45, es5-ext@~0.10.46:
  version "0.10.46"
  resolved "https://registry.yarnpkg.com/es5-ext/-/es5-ext-0.10.46.tgz#efd99f67c5a7ec789baa3daa7f79870388f7f572"
  integrity sha512-24XxRvJXNFwEMpJb3nOkiRJKRoupmjYmOPVlI65Qy2SrtxwOTB+g6ODjBKOtwEHbYrhWRty9xxOWLNdClT2djw==
  dependencies:
    es6-iterator "~2.0.3"
    es6-symbol "~3.1.1"
    next-tick "1"

es6-iterator@^2.0.1, es6-iterator@~2.0.1, es6-iterator@~2.0.3:
  version "2.0.3"
  resolved "https://registry.yarnpkg.com/es6-iterator/-/es6-iterator-2.0.3.tgz#a7de889141a05a94b0854403b2d0a0fbfa98f3b7"
  dependencies:
    d "1"
    es5-ext "^0.10.35"
    es6-symbol "^3.1.1"

es6-symbol@^3.1.1, es6-symbol@~3.1.1:
  version "3.1.1"
  resolved "https://registry.yarnpkg.com/es6-symbol/-/es6-symbol-3.1.1.tgz#bf00ef4fdab6ba1b46ecb7b629b4c7ed5715cc77"
  dependencies:
    d "1"
    es5-ext "~0.10.14"

es6-weak-map@^2.0.2:
  version "2.0.2"
  resolved "https://registry.yarnpkg.com/es6-weak-map/-/es6-weak-map-2.0.2.tgz#5e3ab32251ffd1538a1f8e5ffa1357772f92d96f"
  integrity sha1-XjqzIlH/0VOKH45f+hNXdy+S2W8=
  dependencies:
    d "1"
    es5-ext "^0.10.14"
    es6-iterator "^2.0.1"
    es6-symbol "^3.1.1"

event-emitter@^0.3.5:
  version "0.3.5"
  resolved "https://registry.yarnpkg.com/event-emitter/-/event-emitter-0.3.5.tgz#df8c69eef1647923c7157b9ce83840610b02cc39"
  integrity sha1-34xp7vFkeSPHFXuc6DhAYQsCzDk=
  dependencies:
    d "1"
    es5-ext "~0.10.14"

fast-json-patch@^2.0.6:
  version "2.0.6"
  resolved "https://registry.yarnpkg.com/fast-json-patch/-/fast-json-patch-2.0.6.tgz#86fff8f8662391aa819722864d632e603e6ee605"
  dependencies:
    deep-equal "^1.0.1"

fbjs@^0.8.16, fbjs@^0.8.4, fbjs@^0.8.9:
  version "0.8.16"
  resolved "https://registry.yarnpkg.com/fbjs/-/fbjs-0.8.16.tgz#5e67432f550dc41b572bf55847b8aca64e5337db"
  dependencies:
    core-js "^1.0.0"
    isomorphic-fetch "^2.1.1"
    loose-envify "^1.0.0"
    object-assign "^4.1.0"
    promise "^7.1.1"
    setimmediate "^1.0.5"
    ua-parser-js "^0.7.9"

form-data@^1.0.0-rc3:
  version "1.0.1"
  resolved "https://registry.yarnpkg.com/form-data/-/form-data-1.0.1.tgz#ae315db9a4907fa065502304a66d7733475ee37c"
  dependencies:
    async "^2.0.1"
    combined-stream "^1.0.5"
    mime-types "^2.1.11"

hoist-non-react-statics@^1.0.3:
  version "1.2.0"
  resolved "https://registry.yarnpkg.com/hoist-non-react-statics/-/hoist-non-react-statics-1.2.0.tgz#aa448cf0986d55cc40773b17174b7dd066cb7cfb"

iconv-lite@~0.4.13:
  version "0.4.19"
  resolved "https://registry.yarnpkg.com/iconv-lite/-/iconv-lite-0.4.19.tgz#f7468f60135f5e5dad3399c0a81be9a1603a082b"

ieee754@^1.1.4:
  version "1.1.12"
  resolved "https://registry.yarnpkg.com/ieee754/-/ieee754-1.1.12.tgz#50bf24e5b9c8bb98af4964c941cdb0918da7b60b"
  integrity sha512-GguP+DRY+pJ3soyIiGPTvdiVXjZ+DbXOxGpXn3eMvNW4x4irjqXm4wHKscC+TfxSJ0yw/S1F24tqdMNsMZTiLA==

ieee754@^1.1.8:
  version "1.1.8"
  resolved "https://registry.yarnpkg.com/ieee754/-/ieee754-1.1.8.tgz#be33d40ac10ef1926701f6f08a2d86fbfd1ad3e4"

immutable@^3.7.6, immutable@^3.x.x:
  version "3.8.2"
  resolved "https://registry.yarnpkg.com/immutable/-/immutable-3.8.2.tgz#c2439951455bb39913daf281376f1530e104adf3"

invariant@^2.0.0:
  version "2.2.2"
  resolved "https://registry.yarnpkg.com/invariant/-/invariant-2.2.2.tgz#9e1f56ac0acdb6bf303306f338be3b204ae60360"
  dependencies:
    loose-envify "^1.0.0"

is-dom@^1.0.9:
  version "1.0.9"
  resolved "https://registry.yarnpkg.com/is-dom/-/is-dom-1.0.9.tgz#483832d52972073de12b9fe3f60320870da8370d"
  integrity sha1-SDgy1SlyBz3hK5/j9gMghw2oNw0=

is-promise@^2.1:
  version "2.1.0"
  resolved "https://registry.yarnpkg.com/is-promise/-/is-promise-2.1.0.tgz#79a2a9ece7f096e80f36d2b2f3bc16c1ff4bf3fa"

is-stream@^1.0.1:
  version "1.1.0"
  resolved "https://registry.yarnpkg.com/is-stream/-/is-stream-1.1.0.tgz#12d4a3dd4e68e0b79ceb8dbc84173ae80d91ca44"

isomorphic-fetch@^2.1.1:
  version "2.2.1"
  resolved "https://registry.yarnpkg.com/isomorphic-fetch/-/isomorphic-fetch-2.2.1.tgz#611ae1acf14f5e81f729507472819fe9733558a9"
  dependencies:
    node-fetch "^1.0.1"
    whatwg-fetch ">=0.10.0"

isomorphic-form-data@0.0.1:
  version "0.0.1"
  resolved "https://registry.yarnpkg.com/isomorphic-form-data/-/isomorphic-form-data-0.0.1.tgz#026f627e032b0cd8413ecc8755928b94a468b062"
  dependencies:
    form-data "^1.0.0-rc3"

js-file-download@^0.4.1:
  version "0.4.4"
  resolved "https://registry.yarnpkg.com/js-file-download/-/js-file-download-0.4.4.tgz#51ffa5d421fc5fc25c9d1a724255a7184e4dc92b"
  integrity sha512-lH75hwOMBkIDqIyAWgSYwkMa+YkBu/ATJf2rEXnC1TmHCCHmLNG/NFhZ6R4tipnH2v0EvLOhGlARc0vyS1j0mA==

js-tokens@^3.0.0:
  version "3.0.2"
  resolved "https://registry.yarnpkg.com/js-tokens/-/js-tokens-3.0.2.tgz#9866df395102130e38f7f996bceb65443209c25b"

lodash-es@^4.2.1:
  version "4.17.4"
  resolved "https://registry.yarnpkg.com/lodash-es/-/lodash-es-4.17.4.tgz#dcc1d7552e150a0640073ba9cb31d70f032950e7"

lodash.debounce@^4:
  version "4.0.8"
  resolved "https://registry.yarnpkg.com/lodash.debounce/-/lodash.debounce-4.0.8.tgz#82d79bff30a67c4005ffd5e2515300ad9ca4d7af"

lodash@^4.14.0, lodash@^4.16.2, lodash@^4.2.0, lodash@^4.2.1:
  version "4.17.4"
  resolved "https://registry.yarnpkg.com/lodash/-/lodash-4.17.4.tgz#78203a4d1c328ae1d86dca6460e369b57f4055ae"

lodash@^4.17.10:
  version "4.17.11"
  resolved "https://registry.yarnpkg.com/lodash/-/lodash-4.17.11.tgz#b39ea6229ef607ecd89e2c8df12536891cac9b8d"
  integrity sha512-cQKh8igo5QUhZ7lg38DYWAxMvjSAKG0A8wGSVimP07SIUEK2UO+arSRKbRZWtelMtN5V0Hkwh5ryOto/SshYIg==

loose-envify@^1.0.0, loose-envify@^1.1.0, loose-envify@^1.3.1:
  version "1.3.1"
  resolved "https://registry.yarnpkg.com/loose-envify/-/loose-envify-1.3.1.tgz#d1a8ad33fa9ce0e713d65fdd0ac8b748d478c848"
  dependencies:
    js-tokens "^3.0.0"

lru-queue@0.1:
  version "0.1.0"
  resolved "https://registry.yarnpkg.com/lru-queue/-/lru-queue-0.1.0.tgz#2738bd9f0d3cf4f84490c5736c48699ac632cda3"
  dependencies:
    es5-ext "~0.10.2"

memoizee@^0.4.12:
  version "0.4.14"
  resolved "https://registry.yarnpkg.com/memoizee/-/memoizee-0.4.14.tgz#07a00f204699f9a95c2d9e77218271c7cd610d57"
  integrity sha512-/SWFvWegAIYAO4NQMpcX+gcra0yEZu4OntmUdrBaWrJncxOqAziGFlHxc7yjKVK2uu3lpPW27P27wkR82wA8mg==
  dependencies:
    d "1"
    es5-ext "^0.10.45"
    es6-weak-map "^2.0.2"
    event-emitter "^0.3.5"
    is-promise "^2.1"
    lru-queue "0.1"
    next-tick "1"
    timers-ext "^0.1.5"

mime-db@~1.30.0:
  version "1.30.0"
  resolved "https://registry.yarnpkg.com/mime-db/-/mime-db-1.30.0.tgz#74c643da2dd9d6a45399963465b26d5ca7d71f01"

mime-types@^2.1.11:
  version "2.1.17"
  resolved "https://registry.yarnpkg.com/mime-types/-/mime-types-2.1.17.tgz#09d7a393f03e995a79f8af857b70a9e0ab16557a"
  dependencies:
    mime-db "~1.30.0"

next-tick@1:
  version "1.0.0"
  resolved "https://registry.yarnpkg.com/next-tick/-/next-tick-1.0.0.tgz#ca86d1fe8828169b0120208e3dc8424b9db8342c"

node-fetch@1.7.3, node-fetch@^1.0.1:
  version "1.7.3"
  resolved "https://registry.yarnpkg.com/node-fetch/-/node-fetch-1.7.3.tgz#980f6f72d85211a5347c6b2bc18c5b84c3eb47ef"
  dependencies:
    encoding "^0.1.11"
    is-stream "^1.0.1"

object-assign@^4.1.0, object-assign@^4.1.1:
  version "4.1.1"
  resolved "https://registry.yarnpkg.com/object-assign/-/object-assign-4.1.1.tgz#2109adc7965887cfc05cbbd442cac8bfbb360863"

performance-now@^0.2.0:
  version "0.2.0"
  resolved "https://registry.yarnpkg.com/performance-now/-/performance-now-0.2.0.tgz#33ef30c5c77d4ea21c5a53869d91b56d8f2555e5"

performance-now@^2.1.0:
  version "2.1.0"
  resolved "https://registry.yarnpkg.com/performance-now/-/performance-now-2.1.0.tgz#6309f4e0e5fa913ec1c69307ae364b4b377c9e7b"

promise@^7.1.1:
  version "7.3.1"
  resolved "https://registry.yarnpkg.com/promise/-/promise-7.3.1.tgz#064b72602b18f90f29192b8b1bc418ffd1ebd3bf"
  dependencies:
    asap "~2.0.3"

prop-types@^15:
  version "15.6.1"
  resolved "https://registry.yarnpkg.com/prop-types/-/prop-types-15.6.1.tgz#36644453564255ddda391191fb3a125cbdf654ca"
  dependencies:
    fbjs "^0.8.16"
    loose-envify "^1.3.1"
    object-assign "^4.1.1"

prop-types@^15.5.10, prop-types@^15.5.4, prop-types@^15.5.8:
  version "15.6.0"
  resolved "https://registry.yarnpkg.com/prop-types/-/prop-types-15.6.0.tgz#ceaf083022fc46b4a35f69e13ef75aed0d639856"
  dependencies:
    fbjs "^0.8.16"
    loose-envify "^1.3.1"
    object-assign "^4.1.1"

prop-types@^15.6.1, prop-types@^15.6.2:
  version "15.6.2"
  resolved "https://registry.yarnpkg.com/prop-types/-/prop-types-15.6.2.tgz#05d5ca77b4453e985d60fc7ff8c859094a497102"
  integrity sha512-3pboPvLiWD7dkI3qf3KbUe6hKFKa52w+AE0VCqECtf+QHAKgOL37tTaNCnuX1nAAQ4ZhyP+kYVKf8rLmJ/feDQ==
  dependencies:
    loose-envify "^1.3.1"
    object-assign "^4.1.1"

punycode@1.3.2:
  version "1.3.2"
  resolved "https://registry.yarnpkg.com/punycode/-/punycode-1.3.2.tgz#9653a036fb7c1ee42342f2325cceefea3926c48d"

qs@^6.3.0:
  version "6.5.1"
  resolved "https://registry.yarnpkg.com/qs/-/qs-6.5.1.tgz#349cdf6eef89ec45c12d7d5eb3fc0c870343a6d8"

querystring-browser@^1.0.4:
  version "1.0.4"
  resolved "https://registry.yarnpkg.com/querystring-browser/-/querystring-browser-1.0.4.tgz#f2e35881840a819bc7b1bf597faf0979e6622dc6"
  integrity sha1-8uNYgYQKgZvHsb9Zf68JeeZiLcY=

querystring@0.2.0:
  version "0.2.0"
  resolved "https://registry.yarnpkg.com/querystring/-/querystring-0.2.0.tgz#b209849203bb25df820da756e747005878521620"

querystringify@~1.0.0:
  version "1.0.0"
  resolved "https://registry.yarnpkg.com/querystringify/-/querystringify-1.0.0.tgz#6286242112c5b712fa654e526652bf6a13ff05cb"

raf@^3.1.0:
  version "3.4.0"
  resolved "https://registry.yarnpkg.com/raf/-/raf-3.4.0.tgz#a28876881b4bc2ca9117d4138163ddb80f781575"
  dependencies:
    performance-now "^2.1.0"

react-addons-perf@^15.4.0:
  version "15.4.2"
  resolved "https://registry.yarnpkg.com/react-addons-perf/-/react-addons-perf-15.4.2.tgz#110bdcf5c459c4f77cb85ed634bcd3397536383b"
  dependencies:
    fbjs "^0.8.4"
    object-assign "^4.1.0"

react-debounce-input@^3.2.0:
  version "3.2.0"
  resolved "https://registry.yarnpkg.com/react-debounce-input/-/react-debounce-input-3.2.0.tgz#6978c6061d898f549f40417fb0d2ebbecf50aaaa"
  dependencies:
    lodash.debounce "^4"
    prop-types "^15"

react-dom@16.6.3:
  version "16.6.3"
  resolved "https://registry.yarnpkg.com/react-dom/-/react-dom-16.6.3.tgz#8fa7ba6883c85211b8da2d0efeffc9d3825cccc0"
  integrity sha512-8ugJWRCWLGXy+7PmNh8WJz3g1TaTUt1XyoIcFN+x0Zbkoz+KKdUyx1AQLYJdbFXjuF41Nmjn5+j//rxvhFjgSQ==
  dependencies:
    loose-envify "^1.1.0"
    object-assign "^4.1.1"
    prop-types "^15.6.2"
    scheduler "^0.11.2"

react-dom@^15.6.2:
  version "15.6.2"
  resolved "https://registry.yarnpkg.com/react-dom/-/react-dom-15.6.2.tgz#41cfadf693b757faf2708443a1d1fd5a02bef730"
  dependencies:
    fbjs "^0.8.9"
    loose-envify "^1.1.0"
    object-assign "^4.1.0"
    prop-types "^15.5.10"

react-immutable-proptypes@2.1.0:
  version "2.1.0"
  resolved "https://registry.yarnpkg.com/react-immutable-proptypes/-/react-immutable-proptypes-2.1.0.tgz#023d6f39bb15c97c071e9e60d00d136eac5fa0b4"

react-immutable-pure-component@^1.1.1:
  version "1.1.1"
  resolved "https://registry.yarnpkg.com/react-immutable-pure-component/-/react-immutable-pure-component-1.1.1.tgz#0ff69c6d4eaecd886db16805f3bbc1d2a2c654d8"

react-inspector@^2.3.0:
  version "2.3.1"
  resolved "https://registry.yarnpkg.com/react-inspector/-/react-inspector-2.3.1.tgz#f0eb7f520669b545b441af9d38ec6d706e5f649c"
  integrity sha512-tUUK7t3KWgZEIUktOYko5Ic/oYwvjEvQUFAGC1UeMeDaQ5za2yZFtItJa2RTwBJB//NxPr000WQK6sEbqC6y0Q==
  dependencies:
    babel-runtime "^6.26.0"
    is-dom "^1.0.9"
    prop-types "^15.6.1"

react-motion@^0.5.2:
  version "0.5.2"
  resolved "https://registry.yarnpkg.com/react-motion/-/react-motion-0.5.2.tgz#0dd3a69e411316567927917c6626551ba0607316"
  dependencies:
    performance-now "^0.2.0"
    prop-types "^15.5.8"
    raf "^3.1.0"

react-redux@^4.x.x:
  version "4.4.8"
  resolved "https://registry.yarnpkg.com/react-redux/-/react-redux-4.4.8.tgz#e7bc1dd100e8b64e96ac8212db113239b9e2e08f"
  dependencies:
    create-react-class "^15.5.1"
    hoist-non-react-statics "^1.0.3"
    invariant "^2.0.0"
    lodash "^4.2.0"
    loose-envify "^1.1.0"
    prop-types "^15.5.4"

react@16.6.3:
  version "16.6.3"
  resolved "https://registry.yarnpkg.com/react/-/react-16.6.3.tgz#25d77c91911d6bbdd23db41e70fb094cc1e0871c"
  integrity sha512-zCvmH2vbEolgKxtqXL2wmGCUxUyNheYn/C+PD1YAjfxHC54+MhdruyhO7QieQrYsYeTxrn93PM2y0jRH1zEExw==
  dependencies:
    loose-envify "^1.1.0"
    object-assign "^4.1.1"
    prop-types "^15.6.2"
    scheduler "^0.11.2"

react@^15.6.2:
  version "15.6.2"
  resolved "https://registry.yarnpkg.com/react/-/react-15.6.2.tgz#dba0434ab439cfe82f108f0f511663908179aa72"
  dependencies:
    create-react-class "^15.6.0"
    fbjs "^0.8.9"
    loose-envify "^1.1.0"
    object-assign "^4.1.0"
    prop-types "^15.5.10"

redux-immutable@3.0.8:
  version "3.0.8"
  resolved "https://registry.yarnpkg.com/redux-immutable/-/redux-immutable-3.0.8.tgz#df5a5d601c88227ba38f474cf82f7d00e56f8c14"
  dependencies:
    immutable "^3.7.6"

redux@^3.x.x:
  version "3.7.2"
  resolved "https://registry.yarnpkg.com/redux/-/redux-3.7.2.tgz#06b73123215901d25d065be342eb026bc1c8537b"
  dependencies:
    lodash "^4.2.1"
    lodash-es "^4.2.1"
    loose-envify "^1.1.0"
    symbol-observable "^1.0.3"

regenerator-runtime@^0.11.0:
  version "0.11.1"
  resolved "https://registry.yarnpkg.com/regenerator-runtime/-/regenerator-runtime-0.11.1.tgz#be05ad7f9bf7d22e056f9726cee5017fbf19e2e9"

remarkable@^1.7.1:
  version "1.7.1"
  resolved "https://registry.yarnpkg.com/remarkable/-/remarkable-1.7.1.tgz#aaca4972100b66a642a63a1021ca4bac1be3bff6"
  dependencies:
    argparse "~0.1.15"
    autolinker "~0.15.0"

repeat-string@^1.5.2:
  version "1.6.1"
  resolved "https://registry.yarnpkg.com/repeat-string/-/repeat-string-1.6.1.tgz#8dcae470e1c88abc2d600fff4a776286da75e637"

requires-port@~1.0.0:
  version "1.0.0"
  resolved "https://registry.yarnpkg.com/requires-port/-/requires-port-1.0.0.tgz#925d2601d39ac485e091cf0da5c6e694dc3dcaff"

reselect@^2.5.4:
  version "2.5.4"
  resolved "https://registry.yarnpkg.com/reselect/-/reselect-2.5.4.tgz#b7d23fdf00b83fa7ad0279546f8dbbbd765c7047"
  integrity sha1-t9I/3wC4P6etAnlUb427vXZccEc=

scheduler@^0.11.2:
  version "0.11.3"
  resolved "https://registry.yarnpkg.com/scheduler/-/scheduler-0.11.3.tgz#b5769b90cf8b1464f3f3cfcafe8e3cd7555a2d6b"
  integrity sha512-i9X9VRRVZDd3xZw10NY5Z2cVMbdYg6gqFecfj79USv1CFN+YrJ3gIPRKf1qlY+Sxly4djoKdfx1T+m9dnRB8kQ==
  dependencies:
    loose-envify "^1.1.0"
    object-assign "^4.1.1"

serialize-error@^2.1.0:
  version "2.1.0"
  resolved "https://registry.yarnpkg.com/serialize-error/-/serialize-error-2.1.0.tgz#50b679d5635cdf84667bdc8e59af4e5b81d5f60a"
  integrity sha1-ULZ51WNc34Rme9yOWa9OW4HV9go=

setimmediate@^1.0.5:
  version "1.0.5"
  resolved "https://registry.yarnpkg.com/setimmediate/-/setimmediate-1.0.5.tgz#290cbb232e306942d7d7ea9b83732ab7856f8285"

sprintf-js@~1.0.2:
  version "1.0.3"
  resolved "https://registry.yarnpkg.com/sprintf-js/-/sprintf-js-1.0.3.tgz#04e6926f662895354f3dd015203633b857297e2c"

stream@^0.0.2:
  version "0.0.2"
  resolved "https://registry.yarnpkg.com/stream/-/stream-0.0.2.tgz#7f5363f057f6592c5595f00bc80a27f5cec1f0ef"
  integrity sha1-f1Nj8Ff2WSxVlfALyAon9c7B8O8=
  dependencies:
    emitter-component "^1.1.1"

swagger-client@^3.8.22:
  version "3.8.22"
  resolved "https://registry.yarnpkg.com/swagger-client/-/swagger-client-3.8.22.tgz#934809e19acd09d5070fdb7ae48bd405d0a18b69"
  integrity sha512-Jm+X3p6B6hvdSIZ3hJRltrHP2z3if6zt+fmYZaFwyAiPt6IU25PHkipqC92KSCy/pK2bpo9ZQfmphFEtuGc3ig==
  dependencies:
    "@kyleshockey/js-yaml" "^1.0.1"
    "@kyleshockey/object-assign-deep" "^0.4.0"
    babel-runtime "^6.26.0"
    btoa "1.1.2"
    buffer "^5.1.0"
    cookie "^0.3.1"
    cross-fetch "0.0.8"
    deep-extend "^0.5.1"
    encode-3986 "^1.0.0"
    fast-json-patch "^2.0.6"
    isomorphic-form-data "0.0.1"
    lodash "^4.16.2"
    qs "^6.3.0"
    querystring-browser "^1.0.4"
    url "^0.11.0"
    utf8-bytes "0.0.1"
    utfstring "^2.0.0"

swagger-ui@^3.20.3:
  version "3.20.3"
  resolved "https://registry.yarnpkg.com/swagger-ui/-/swagger-ui-3.20.3.tgz#4b2bb0310a01d3e674d85fa4b31fe90083a25ef6"
  integrity sha512-+58BRAn/0IiIgFCdt0odRFK/ExcoqFXKcXyP3oxAEHMHm9vl0maWsdvpptTJ1L+/maWrSfX6GmI9GAd+yVETuQ==
  dependencies:
    "@braintree/sanitize-url" "^2.0.2"
    "@kyleshockey/js-yaml" "^1.0.1"
    "@kyleshockey/object-assign-deep" "^0.4.2"
    "@kyleshockey/xml" "^1.0.2"
    base64-js "^1.2.0"
    classnames "^2.2.5"
    core-js "^2.5.1"
    css.escape "1.5.1"
    deep-extend "0.5.1"
    dompurify "^1.0.4"
    ieee754 "^1.1.8"
    immutable "^3.x.x"
    js-file-download "^0.4.1"
    lodash "^4.17.10"
    memoizee "^0.4.12"
    prop-types "^15.5.10"
    react "^15.6.2"
    react-addons-perf "^15.4.0"
    react-debounce-input "^3.2.0"
    react-dom "^15.6.2"
    react-immutable-proptypes "2.1.0"
    react-immutable-pure-component "^1.1.1"
    react-inspector "^2.3.0"
    react-motion "^0.5.2"
    react-redux "^4.x.x"
    redux "^3.x.x"
    redux-immutable "3.0.8"
    remarkable "^1.7.1"
    reselect "^2.5.4"
    serialize-error "^2.1.0"
    swagger-client "^3.8.22"
    url-parse "^1.1.8"
    xml-but-prettier "^1.0.1"
    zenscroll "^4.0.2"

symbol-observable@^1.0.3:
  version "1.1.0"
  resolved "https://registry.yarnpkg.com/symbol-observable/-/symbol-observable-1.1.0.tgz#5c68fd8d54115d9dfb72a84720549222e8db9b32"

timers-ext@^0.1.5:
  version "0.1.7"
  resolved "https://registry.yarnpkg.com/timers-ext/-/timers-ext-0.1.7.tgz#6f57ad8578e07a3fb9f91d9387d65647555e25c6"
  integrity sha512-b85NUNzTSdodShTIbky6ZF02e8STtVVfD+fu4aXXShEELpozH+bCpJLYMPZbsABN2wDH7fJpqIoXxJpzbf0NqQ==
  dependencies:
    es5-ext "~0.10.46"
    next-tick "1"

ua-parser-js@^0.7.9:
  version "0.7.17"
  resolved "https://registry.yarnpkg.com/ua-parser-js/-/ua-parser-js-0.7.17.tgz#e9ec5f9498b9ec910e7ae3ac626a805c4d09ecac"

underscore.string@~2.4.0:
  version "2.4.0"
  resolved "https://registry.yarnpkg.com/underscore.string/-/underscore.string-2.4.0.tgz#8cdd8fbac4e2d2ea1e7e2e8097c42f442280f85b"

underscore@~1.7.0:
  version "1.7.0"
  resolved "https://registry.yarnpkg.com/underscore/-/underscore-1.7.0.tgz#6bbaf0877500d36be34ecaa584e0db9fef035209"

url-parse@^1.1.8:
  version "1.2.0"
  resolved "https://registry.yarnpkg.com/url-parse/-/url-parse-1.2.0.tgz#3a19e8aaa6d023ddd27dcc44cb4fc8f7fec23986"
  dependencies:
    querystringify "~1.0.0"
    requires-port "~1.0.0"

url@^0.11.0:
  version "0.11.0"
  resolved "https://registry.yarnpkg.com/url/-/url-0.11.0.tgz#3838e97cfc60521eb73c525a8e55bfdd9e2e28f1"
  dependencies:
    punycode "1.3.2"
    querystring "0.2.0"

utf8-bytes@0.0.1:
  version "0.0.1"
  resolved "https://registry.yarnpkg.com/utf8-bytes/-/utf8-bytes-0.0.1.tgz#116b025448c9b500081cdfbf1f4d6c6c37d8837d"

utfstring@^2.0.0:
  version "2.0.0"
  resolved "https://registry.yarnpkg.com/utfstring/-/utfstring-2.0.0.tgz#b331f7351e9be1c46334cc7518826cda3b44242a"

whatwg-fetch@2.0.3, whatwg-fetch@>=0.10.0:
  version "2.0.3"
  resolved "https://registry.yarnpkg.com/whatwg-fetch/-/whatwg-fetch-2.0.3.tgz#9c84ec2dcf68187ff00bc64e1274b442176e1c84"

xml-but-prettier@^1.0.1:
  version "1.0.1"
  resolved "https://registry.yarnpkg.com/xml-but-prettier/-/xml-but-prettier-1.0.1.tgz#f5a33267ed42ccd4e355c62557a5e39b01fb40f3"
  dependencies:
    repeat-string "^1.5.2"

zenscroll@^4.0.2:
  version "4.0.2"
  resolved "https://registry.yarnpkg.com/zenscroll/-/zenscroll-4.0.2.tgz#e8d5774d1c0738a47bcfa8729f3712e2deddeb25"
  integrity sha1-6NV3TRwHOKR7z6hynzcS4t7d6yU=
