# This file is generated by running "yarn install" inside your project.
# Manual changes might be lost - proceed with caution!

__metadata:
  version: 8
  cacheKey: 10c0

"@types/jquery@npm:^3.5.29":
  version: 3.5.29
  resolution: "@types/jquery@npm:3.5.29"
  dependencies:
    "@types/sizzle": "npm:*"
  checksum: 10c0/17409b551956c54d641264895790b9e63a2179bacdabe2a87d5f8f2baebe2f16625d111b17b1441cdffbf9e059e683bb25bf04ba6ea56b36e39ea50cc77f5b8c
  languageName: node
  linkType: hard

"@types/sizzle@npm:*":
  version: 2.3.8
  resolution: "@types/sizzle@npm:2.3.8"
  checksum: 10c0/ab5460147ae6680cc20c2223a8f17d9f7c97144b70f00a222a1c32d68b5207696d48177ab9784dda88c74d93ed5a78dd31f74d271b15382520b423c81b4aac89
  languageName: node
  linkType: hard

"@vanilla/addon-dashboard@workspace:.":
  version: 0.0.0-use.local
  resolution: "@vanilla/addon-dashboard@workspace:."
  dependencies:
    "@types/jquery": "npm:^3.5.29"
  languageName: unknown
  linkType: soft
